
Microsoft Visual Studio Solution File, Format Version 11.00
# Visual Studio 2010
Project("{FAE04EC0-301F-11D3-BF4B-00C04F79EFBC}") = "TestApp", "TestApp\TestApp.csproj", "{B7030D26-DF9E-4117-B228-BD57BF799EB5}"
EndProject
Project("{FAE04EC0-301F-11D3-BF4B-00C04F79EFBC}") = "TestApp.Tests", "TestApp.Tests\TestApp.Tests.csproj", "{DC21FE22-7F7F-4753-BD8A-21B9333A2C30}"
EndProject
Global
	GlobalSection(SolutionConfigurationPlatforms) = preSolution
		Debug|Any CPU = Debug|Any CPU
		Release|Any CPU = Release|Any CPU
	EndGlobalSection
	GlobalSection(ProjectConfigurationPlatforms) = postSolution
		{B7030D26-DF9E-4117-B228-BD57BF799EB5}.Debug|Any CPU.ActiveCfg = Debug|Any CPU
		{B7030D26-DF9E-4117-B228-BD57BF799EB5}.Debug|Any CPU.Build.0 = Debug|Any CPU
		{B7030D26-DF9E-4117-B228-BD57BF799EB5}.Release|Any CPU.ActiveCfg = Release|Any CPU
		{B7030D26-DF9E-4117-B228-BD57BF799EB5}.Release|Any CPU.Build.0 = Release|Any CPU
		{DC21FE22-7F7F-4753-BD8A-21B9333A2C30}.Debug|Any CPU.ActiveCfg = Debug|Any CPU
		{DC21FE22-7F7F-4753-BD8A-21B9333A2C30}.Debug|Any CPU.Build.0 = Debug|Any CPU
		{DC21FE22-7F7F-4753-BD8A-21B9333A2C30}.Release|Any CPU.ActiveCfg = Release|Any CPU
		{DC21FE22-7F7F-4753-BD8A-21B9333A2C30}.Release|Any CPU.Build.0 = Release|Any CPU
	EndGlobalSection
	GlobalSection(SolutionProperties) = preSolution
		HideSolutionNode = FALSE
	EndGlobalSection
EndGlobal
